// !$*UTF8*$!
{
	archiveVersion = 1;
	classes = {
	};
	objectVersion = 46;
	objects = {

/* Begin PBXBuildFile section */
		977AB5FCCADAFEF305277D20 /* Pods_TTGEmojiRateObjcExample.framework in Frameworks */ = {isa = PBXBuildFile; fileRef = 66182959F63316807714E3E9 /* Pods_TTGEmojiRateObjcExample.framework */; };
		F499464D1CEC3DBE00243825 /* main.m in Sources */ = {isa = PBXBuildFile; fileRef = F499464C1CEC3DBE00243825 /* main.m */; };
		F49946501CEC3DBE00243825 /* AppDelegate.m in Sources */ = {isa = PBXBuildFile; fileRef = F499464F1CEC3DBE00243825 /* AppDelegate.m */; };
		F49946531CEC3DBE00243825 /* ViewController.m in Sources */ = {isa = PBXBuildFile; fileRef = F49946521CEC3DBE00243825 /* ViewController.m */; };
		F49946561CEC3DBE00243825 /* Main.storyboard in Resources */ = {isa = PBXBuildFile; fileRef = F49946541CEC3DBE00243825 /* Main.storyboard */; };
		F49946581CEC3DBE00243825 /* Assets.xcassets in Resources */ = {isa = PBXBuildFile; fileRef = F49946571CEC3DBE00243825 /* Assets.xcassets */; };
		F499465B1CEC3DBE00243825 /* LaunchScreen.storyboard in Resources */ = {isa = PBXBuildFile; fileRef = F49946591CEC3DBE00243825 /* LaunchScreen.storyboard */; };
/* End PBXBuildFile section */

/* Begin PBXFileReference section */
		66182959F63316807714E3E9 /* Pods_TTGEmojiRateObjcExample.framework */ = {isa = PBXFileReference; explicitFileType = wrapper.framework; includeInIndex = 0; path = Pods_TTGEmojiRateObjcExample.framework; sourceTree = BUILT_PRODUCTS_DIR; };
		87EE92579614E7711CFBF8AF /* Pods-TTGEmojiRateObjcExample.debug.xcconfig */ = {isa = PBXFileReference; includeInIndex = 1; lastKnownFileType = text.xcconfig; name = "Pods-TTGEmojiRateObjcExample.debug.xcconfig"; path = "Pods/Target Support Files/Pods-TTGEmojiRateObjcExample/Pods-TTGEmojiRateObjcExample.debug.xcconfig"; sourceTree = "<group>"; };
		DC8AF92AE49815277EFCAAA7 /* Pods-TTGEmojiRateObjcExample.release.xcconfig */ = {isa = PBXFileReference; includeInIndex = 1; lastKnownFileType = text.xcconfig; name = "Pods-TTGEmojiRateObjcExample.release.xcconfig"; path = "Pods/Target Support Files/Pods-TTGEmojiRateObjcExample/Pods-TTGEmojiRateObjcExample.release.xcconfig"; sourceTree = "<group>"; };
		F49946481CEC3DBE00243825 /* TTGEmojiRateObjcExample.app */ = {isa = PBXFileReference; explicitFileType = wrapper.application; includeInIndex = 0; path = TTGEmojiRateObjcExample.app; sourceTree = BUILT_PRODUCTS_DIR; };
		F499464C1CEC3DBE00243825 /* main.m */ = {isa = PBXFileReference; lastKnownFileType = sourcecode.c.objc; path = main.m; sourceTree = "<group>"; };
		F499464E1CEC3DBE00243825 /* AppDelegate.h */ = {isa = PBXFileReference; lastKnownFileType = sourcecode.c.h; path = AppDelegate.h; sourceTree = "<group>"; };
		F499464F1CEC3DBE00243825 /* AppDelegate.m */ = {isa = PBXFileReference; lastKnownFileType = sourcecode.c.objc; path = AppDelegate.m; sourceTree = "<group>"; };
		F49946511CEC3DBE00243825 /* ViewController.h */ = {isa = PBXFileReference; lastKnownFileType = sourcecode.c.h; path = ViewController.h; sourceTree = "<group>"; };
		F49946521CEC3DBE00243825 /* ViewController.m */ = {isa = PBXFileReference; lastKnownFileType = sourcecode.c.objc; path = ViewController.m; sourceTree = "<group>"; };
		F49946551CEC3DBE00243825 /* Base */ = {isa = PBXFileReference; lastKnownFileType = file.storyboard; name = Base; path = Base.lproj/Main.storyboard; sourceTree = "<group>"; };
		F49946571CEC3DBE00243825 /* Assets.xcassets */ = {isa = PBXFileReference; lastKnownFileType = folder.assetcatalog; path = Assets.xcassets; sourceTree = "<group>"; };
		F499465A1CEC3DBE00243825 /* Base */ = {isa = PBXFileReference; lastKnownFileType = file.storyboard; name = Base; path = Base.lproj/LaunchScreen.storyboard; sourceTree = "<group>"; };
		F499465C1CEC3DBE00243825 /* Info.plist */ = {isa = PBXFileReference; lastKnownFileType = text.plist.xml; path = Info.plist; sourceTree = "<group>"; };
/* End PBXFileReference section */

/* Begin PBXFrameworksBuildPhase section */
		F49946451CEC3DBE00243825 /* Frameworks */ = {
			isa = PBXFrameworksBuildPhase;
			buildActionMask = 2147483647;
			files = (
				977AB5FCCADAFEF305277D20 /* Pods_TTGEmojiRateObjcExample.framework in Frameworks */,
			);
			runOnlyForDeploymentPostprocessing = 0;
		};
/* End PBXFrameworksBuildPhase section */

/* Begin PBXGroup section */
		14B97A5A91565E1B75B5A880 /* Pods */ = {
			isa = PBXGroup;
			children = (
				87EE92579614E7711CFBF8AF /* Pods-TTGEmojiRateObjcExample.debug.xcconfig */,
				DC8AF92AE49815277EFCAAA7 /* Pods-TTGEmojiRateObjcExample.release.xcconfig */,
			);
			name = Pods;
			sourceTree = "<group>";
		};
		F499463F1CEC3DBE00243825 = {
			isa = PBXGroup;
			children = (
				F499464A1CEC3DBE00243825 /* TTGEmojiRateObjcExample */,
				F49946491CEC3DBE00243825 /* Products */,
				14B97A5A91565E1B75B5A880 /* Pods */,
				F592347175F1154F482FF848 /* Frameworks */,
			);
			sourceTree = "<group>";
		};
		F49946491CEC3DBE00243825 /* Products */ = {
			isa = PBXGroup;
			children = (
				F49946481CEC3DBE00243825 /* TTGEmojiRateObjcExample.app */,
			);
			name = Products;
			sourceTree = "<group>";
		};
		F499464A1CEC3DBE00243825 /* TTGEmojiRateObjcExample */ = {
			isa = PBXGroup;
			children = (
				F499464E1CEC3DBE00243825 /* AppDelegate.h */,
				F499464F1CEC3DBE00243825 /* AppDelegate.m */,
				F49946511CEC3DBE00243825 /* ViewController.h */,
				F49946521CEC3DBE00243825 /* ViewController.m */,
				F49946541CEC3DBE00243825 /* Main.storyboard */,
				F49946571CEC3DBE00243825 /* Assets.xcassets */,
				F49946591CEC3DBE00243825 /* LaunchScreen.storyboard */,
				F499465C1CEC3DBE00243825 /* Info.plist */,
				F499464B1CEC3DBE00243825 /* Supporting Files */,
			);
			path = TTGEmojiRateObjcExample;
			sourceTree = "<group>";
		};
		F499464B1CEC3DBE00243825 /* Supporting Files */ = {
			isa = PBXGroup;
			children = (
				F499464C1CEC3DBE00243825 /* main.m */,
			);
			name = "Supporting Files";
			sourceTree = "<group>";
		};
		F592347175F1154F482FF848 /* Frameworks */ = {
			isa = PBXGroup;
			children = (
				66182959F63316807714E3E9 /* Pods_TTGEmojiRateObjcExample.framework */,
			);
			name = Frameworks;
			sourceTree = "<group>";
		};
/* End PBXGroup section */

/* Begin PBXNativeTarget section */
		F49946471CEC3DBE00243825 /* TTGEmojiRateObjcExample */ = {
			isa = PBXNativeTarget;
			buildConfigurationList = F499465F1CEC3DBE00243825 /* Build configuration list for PBXNativeTarget "TTGEmojiRateObjcExample" */;
			buildPhases = (
				8C5774DDE75DFC54599B1549 /* [CP] Check Pods Manifest.lock */,
				F49946441CEC3DBE00243825 /* Sources */,
				F49946451CEC3DBE00243825 /* Frameworks */,
				F49946461CEC3DBE00243825 /* Resources */,
				A49C0EF00FF1324C19031FE7 /* [CP] Embed Pods Frameworks */,
				FD32DAD0FEB62B32C58DCEAD /* [CP] Copy Pods Resources */,
			);
			buildRules = (
			);
			dependencies = (
			);
			name = TTGEmojiRateObjcExample;
			productName = TTGEmojiRateObjcExample;
			productReference = F49946481CEC3DBE00243825 /* TTGEmojiRateObjcExample.app */;
			productType = "com.apple.product-type.application";
		};
/* End PBXNativeTarget section */

/* Begin PBXProject section */
		F49946401CEC3DBE00243825 /* Project object */ = {
			isa = PBXProject;
			attributes = {
				LastUpgradeCheck = 0730;
				ORGANIZATIONNAME = tutuge;
				TargetAttributes = {
					F49946471CEC3DBE00243825 = {
						CreatedOnToolsVersion = 7.3.1;
						LastSwiftMigration = 0800;
					};
				};
			};
			buildConfigurationList = F49946431CEC3DBE00243825 /* Build configuration list for PBXProject "TTGEmojiRateObjcExample" */;
			compatibilityVersion = "Xcode 3.2";
			developmentRegion = English;
			hasScannedForEncodings = 0;
			knownRegions = (
				en,
				Base,
			);
			mainGroup = F499463F1CEC3DBE00243825;
			productRefGroup = F49946491CEC3DBE00243825 /* Products */;
			projectDirPath = "";
			projectRoot = "";
			targets = (
				F49946471CEC3DBE00243825 /* TTGEmojiRateObjcExample */,
			);
		};
/* End PBXProject section */

/* Begin PBXResourcesBuildPhase section */
		F49946461CEC3DBE00243825 /* Resources */ = {
			isa = PBXResourcesBuildPhase;
			buildActionMask = 2147483647;
			files = (
				F499465B1CEC3DBE00243825 /* LaunchScreen.storyboard in Resources */,
				F49946581CEC3DBE00243825 /* Assets.xcassets in Resources */,
				F49946561CEC3DBE00243825 /* Main.storyboard in Resources */,
			);
			runOnlyForDeploymentPostprocessing = 0;
		};
/* End PBXResourcesBuildPhase section */

/* Begin PBXShellScriptBuildPhase section */
		8C5774DDE75DFC54599B1549 /* [CP] Check Pods Manifest.lock */ = {
			isa = PBXShellScriptBuildPhase;
			buildActionMask = 2147483647;
			files = (
			);
			inputPaths = (
			);
			name = "[CP] Check Pods Manifest.lock";
			outputPaths = (
			);
			runOnlyForDeploymentPostprocessing = 0;
			shellPath = /bin/sh;
			shellScript = "diff \"${PODS_ROOT}/../Podfile.lock\" \"${PODS_ROOT}/Manifest.lock\" > /dev/null\nif [ $? != 0 ] ; then\n    # print error to STDERR\n    echo \"error: The sandbox is not in sync with the Podfile.lock. Run 'pod install' or update your CocoaPods installation.\" >&2\n    exit 1\nfi\n";
			showEnvVarsInLog = 0;
		};
		A49C0EF00FF1324C19031FE7 /* [CP] Embed Pods Frameworks */ = {
			isa = PBXShellScriptBuildPhase;
			buildActionMask = 2147483647;
			files = (
			);
			inputPaths = (
			);
			name = "[CP] Embed Pods Frameworks";
			outputPaths = (
			);
			runOnlyForDeploymentPostprocessing = 0;
			shellPath = /bin/sh;
			shellScript = "\"${SRCROOT}/Pods/Target Support Files/Pods-TTGEmojiRateObjcExample/Pods-TTGEmojiRateObjcExample-frameworks.sh\"\n";
			showEnvVarsInLog = 0;
		};
		FD32DAD0FEB62B32C58DCEAD /* [CP] Copy Pods Resources */ = {
			isa = PBXShellScriptBuildPhase;
			buildActionMask = 2147483647;
			files = (
			);
			inputPaths = (
			);
			name = "[CP] Copy Pods Resources";
			outputPaths = (
			);
			runOnlyForDeploymentPostprocessing = 0;
			shellPath = /bin/sh;
			shellScript = "\"${SRCROOT}/Pods/Target Support Files/Pods-TTGEmojiRateObjcExample/Pods-TTGEmojiRateObjcExample-resources.sh\"\n";
			showEnvVarsInLog = 0;
		};
/* End PBXShellScriptBuildPhase section */

/* Begin PBXSourcesBuildPhase section */
		F49946441CEC3DBE00243825 /* Sources */ = {
			isa = PBXSourcesBuildPhase;
			buildActionMask = 2147483647;
			files = (
				F49946531CEC3DBE00243825 /* ViewController.m in Sources */,
				F49946501CEC3DBE00243825 /* AppDelegate.m in Sources */,
				F499464D1CEC3DBE00243825 /* main.m in Sources */,
			);
			runOnlyForDeploymentPostprocessing = 0;
		};
/* End PBXSourcesBuildPhase section */

/* Begin PBXVariantGroup section */
		F49946541CEC3DBE00243825 /* Main.storyboard */ = {
			isa = PBXVariantGroup;
			children = (
				F49946551CEC3DBE00243825 /* Base */,
			);
			name = Main.storyboard;
			sourceTree = "<group>";
		};
		F49946591CEC3DBE00243825 /* LaunchScreen.storyboard */ = {
			isa = PBXVariantGroup;
			children = (
				F499465A1CEC3DBE00243825 /* Base */,
			);
			name = LaunchScreen.storyboard;
			sourceTree = "<group>";
		};
/* End PBXVariantGroup section */

/* Begin XCBuildConfiguration section */
		F499465D1CEC3DBE00243825 /* Debug */ = {
			isa = XCBuildConfiguration;
			buildSettings = {
				ALWAYS_SEARCH_USER_PATHS = NO;
				CLANG_ANALYZER_NONNULL = YES;
				CLANG_CXX_LANGUAGE_STANDARD = "gnu++0x";
				CLANG_CXX_LIBRARY = "libc++";
				CLANG_ENABLE_MODULES = YES;
				CLANG_ENABLE_OBJC_ARC = YES;
				CLANG_WARN_BOOL_CONVERSION = YES;
				CLANG_WARN_CONSTANT_CONVERSION = YES;
				CLANG_WARN_DIRECT_OBJC_ISA_USAGE = YES_ERROR;
				CLANG_WARN_EMPTY_BODY = YES;
				CLANG_WARN_ENUM_CONVERSION = YES;
				CLANG_WARN_INT_CONVERSION = YES;
				CLANG_WARN_OBJC_ROOT_CLASS = YES_ERROR;
				CLANG_WARN_UNREACHABLE_CODE = YES;
				CLANG_WARN__DUPLICATE_METHOD_MATCH = YES;
				"CODE_SIGN_IDENTITY[sdk=iphoneos*]" = "iPhone Developer";
				COPY_PHASE_STRIP = NO;
				DEBUG_INFORMATION_FORMAT = dwarf;
				ENABLE_STRICT_OBJC_MSGSEND = YES;
				ENABLE_TESTABILITY = YES;
				GCC_C_LANGUAGE_STANDARD = gnu99;
				GCC_DYNAMIC_NO_PIC = NO;
				GCC_NO_COMMON_BLOCKS = YES;
				GCC_OPTIMIZATION_LEVEL = 0;
				GCC_PREPROCESSOR_DEFINITIONS = (
					"DEBUG=1",
					"$(inherited)",
				);
				GCC_WARN_64_TO_32_BIT_CONVERSION = YES;
				GCC_WARN_ABOUT_RETURN_TYPE = YES_ERROR;
				GCC_WARN_UNDECLARED_SELECTOR = YES;
				GCC_WARN_UNINITIALIZED_AUTOS = YES_AGGRESSIVE;
				GCC_WARN_UNUSED_FUNCTION = YES;
				GCC_WARN_UNUSED_VARIABLE = YES;
				IPHONEOS_DEPLOYMENT_TARGET = 9.3;
				MTL_ENABLE_DEBUG_INFO = YES;
				ONLY_ACTIVE_ARCH = YES;
				SDKROOT = iphoneos;
			};
			name = Debug;
		};
		F499465E1CEC3DBE00243825 /* Release */ = {
			isa = XCBuildConfiguration;
			buildSettings = {
				ALWAYS_SEARCH_USER_PATHS = NO;
				CLANG_ANALYZER_NONNULL = YES;
				CLANG_CXX_LANGUAGE_STANDARD = "gnu++0x";
				CLANG_CXX_LIBRARY = "libc++";
				CLANG_ENABLE_MODULES = YES;
				CLANG_ENABLE_OBJC_ARC = YES;
				CLANG_WARN_BOOL_CONVERSION = YES;
				CLANG_WARN_CONSTANT_CONVERSION = YES;
				CLANG_WARN_DIRECT_OBJC_ISA_USAGE = YES_ERROR;
				CLANG_WARN_EMPTY_BODY = YES;
				CLANG_WARN_ENUM_CONVERSION = YES;
				CLANG_WARN_INT_CONVERSION = YES;
				CLANG_WARN_OBJC_ROOT_CLASS = YES_ERROR;
				CLANG_WARN_UNREACHABLE_CODE = YES;
				CLANG_WARN__DUPLICATE_METHOD_MATCH = YES;
				"CODE_SIGN_IDENTITY[sdk=iphoneos*]" = "iPhone Developer";
				COPY_PHASE_STRIP = NO;
				DEBUG_INFORMATION_FORMAT = "dwarf-with-dsym";
				ENABLE_NS_ASSERTIONS = NO;
				ENABLE_STRICT_OBJC_MSGSEND = YES;
				GCC_C_LANGUAGE_STANDARD = gnu99;
				GCC_NO_COMMON_BLOCKS = YES;
				GCC_WARN_64_TO_32_BIT_CONVERSION = YES;
				GCC_WARN_ABOUT_RETURN_TYPE = YES_ERROR;
				GCC_WARN_UNDECLARED_SELECTOR = YES;
				GCC_WARN_UNINITIALIZED_AUTOS = YES_AGGRESSIVE;
				GCC_WARN_UNUSED_FUNCTION = YES;
				GCC_WARN_UNUSED_VARIABLE = YES;
				IPHONEOS_DEPLOYMENT_TARGET = 9.3;
				MTL_ENABLE_DEBUG_INFO = NO;
				SDKROOT = iphoneos;
				VALIDATE_PRODUCT = YES;
			};
			name = Release;
		};
		F49946601CEC3DBE00243825 /* Debug */ = {
			isa = XCBuildConfiguration;
			baseConfigurationReference = 87EE92579614E7711CFBF8AF /* Pods-TTGEmojiRateObjcExample.debug.xcconfig */;
			buildSettings = {
				ASSETCATALOG_COMPILER_APPICON_NAME = AppIcon;
				INFOPLIST_FILE = TTGEmojiRateObjcExample/Info.plist;
				IPHONEOS_DEPLOYMENT_TARGET = 8.0;
				LD_RUNPATH_SEARCH_PATHS = "$(inherited) @executable_path/Frameworks";
				PRODUCT_BUNDLE_IDENTIFIER = me.tutuge.TTGEmojiRateObjcExample;
				PRODUCT_NAME = "$(TARGET_NAME)";
				SWIFT_VERSION = 3.0;
			};
			name = Debug;
		};
		F49946611CEC3DBE00243825 /* Release */ = {
			isa = XCBuildConfiguration;
			baseConfigurationReference = DC8AF92AE49815277EFCAAA7 /* Pods-TTGEmojiRateObjcExample.release.xcconfig */;
			buildSettings = {
				ASSETCATALOG_COMPILER_APPICON_NAME = AppIcon;
				INFOPLIST_FILE = TTGEmojiRateObjcExample/Info.plist;
				IPHONEOS_DEPLOYMENT_TARGET = 8.0;
				LD_RUNPATH_SEARCH_PATHS = "$(inherited) @executable_path/Frameworks";
				PRODUCT_BUNDLE_IDENTIFIER = me.tutuge.TTGEmojiRateObjcExample;
				PRODUCT_NAME = "$(TARGET_NAME)";
				SWIFT_VERSION = 3.0;
			};
			name = Release;
		};
/* End XCBuildConfiguration section */

/* Begin XCConfigurationList section */
		F49946431CEC3DBE00243825 /* Build configuration list for PBXProject "TTGEmojiRateObjcExample" */ = {
			isa = XCConfigurationList;
			buildConfigurations = (
				F499465D1CEC3DBE00243825 /* Debug */,
				F499465E1CEC3DBE00243825 /* Release */,
			);
			defaultConfigurationIsVisible = 0;
			defaultConfigurationName = Release;
		};
		F499465F1CEC3DBE00243825 /* Build configuration list for PBXNativeTarget "TTGEmojiRateObjcExample" */ = {
			isa = XCConfigurationList;
			buildConfigurations = (
				F49946601CEC3DBE00243825 /* Debug */,
				F49946611CEC3DBE00243825 /* Release */,
			);
			defaultConfigurationIsVisible = 0;
			defaultConfigurationName = Release;
		};
/* End XCConfigurationList section */
	};
	rootObject = F49946401CEC3DBE00243825 /* Project object */;
}
